PODS:
  - Alamofire (5.6.2)
  - CHTCollectionViewWaterfallLayout (0.9.10):
    - CHTCollectionViewWaterfallLayout/Swift (= 0.9.10)
  - CHTCollectionViewWaterfallLayout/Swift (0.9.10)
  - Realm (10.28.7):
    - Realm/Headers (= 10.28.7)
  - Realm/Headers (10.28.7)
  - RealmSwift (10.28.7):
    - Realm (= 10.28.7)

DEPENDENCIES:
  - Alamofire
  - CHTCollectionViewWaterfallLayout
  - RealmSwift

SPEC REPOS:
  trunk:
    - Alamofire
    - CHTCollectionViewWaterfallLayout
    - Realm
    - RealmSwift

SPEC CHECKSUMS:
  Alamofire: d368e1ff8a298e6dde360e35a3e68e6c610e7204
  CHTCollectionViewWaterfallLayout: b989a459788d7657ac010e03bc0f7eedca95a420
  Realm: d1d5ad078b9c1d22f99f7f7f2e692b548b518f24
  RealmSwift: 7c38e0acca7d3df9cc60d79c073ef68245351d0e

PODFILE CHECKSUM: 1a69deaf4f360b22feba7eae10f6c406f9c86c21

COCOAPODS: 1.11.3
