// !$*UTF8*$!
{
	archiveVersion = 1;
	classes = {
	};
	objectVersion = 55;
	objects = {

/* Begin PBXBuildFile section */
		3F7776A40A0586BC3100FE75 /* Pods_unspashApp.framework in Frameworks */ = {isa = PBXBuildFile; fileRef = 6FD069A037F7BB943E9F691C /* Pods_unspashApp.framework */; };
		F64692F528C28267007A4443 /* AppDelegate.swift in Sources */ = {isa = PBXBuildFile; fileRef = F64692F428C28267007A4443 /* AppDelegate.swift */; };
		F64692F728C28267007A4443 /* SceneDelegate.swift in Sources */ = {isa = PBXBuildFile; fileRef = F64692F628C28267007A4443 /* SceneDelegate.swift */; };
		F64692FE28C28268007A4443 /* Assets.xcassets in Resources */ = {isa = PBXBuildFile; fileRef = F64692FD28C28268007A4443 /* Assets.xcassets */; };
		F646930E28C2846B007A4443 /* TabbarViewController.swift in Sources */ = {isa = PBXBuildFile; fileRef = F646930D28C2846B007A4443 /* TabbarViewController.swift */; };
		F646931128C284F3007A4443 /* MainViewController.swift in Sources */ = {isa = PBXBuildFile; fileRef = F646931028C284F3007A4443 /* MainViewController.swift */; };
		F646931428C28701007A4443 /* FavoriteViewController.swift in Sources */ = {isa = PBXBuildFile; fileRef = F646931328C28701007A4443 /* FavoriteViewController.swift */; };
		F646931728C2901D007A4443 /* DetailViewController.swift in Sources */ = {isa = PBXBuildFile; fileRef = F646931628C2901D007A4443 /* DetailViewController.swift */; };
		F646931B28C37380007A4443 /* NetworkService.swift in Sources */ = {isa = PBXBuildFile; fileRef = F646931A28C37380007A4443 /* NetworkService.swift */; };
		F646931D28C379B8007A4443 /* SearchPhotoResults.swift in Sources */ = {isa = PBXBuildFile; fileRef = F646931C28C379B8007A4443 /* SearchPhotoResults.swift */; };
		F646932128C387BB007A4443 /* MainCollectionViewCell.swift in Sources */ = {isa = PBXBuildFile; fileRef = F646932028C387BB007A4443 /* MainCollectionViewCell.swift */; };
		F646932328C3DE84007A4443 /* FavoriteCollectionViewCell.swift in Sources */ = {isa = PBXBuildFile; fileRef = F646932228C3DE84007A4443 /* FavoriteCollectionViewCell.swift */; };
/* End PBXBuildFile section */

/* Begin PBXFileReference section */
		2E48DA87C4DF86106ECC722E /* Pods-unspashApp.debug.xcconfig */ = {isa = PBXFileReference; includeInIndex = 1; lastKnownFileType = text.xcconfig; name = "Pods-unspashApp.debug.xcconfig"; path = "Target Support Files/Pods-unspashApp/Pods-unspashApp.debug.xcconfig"; sourceTree = "<group>"; };
		3F7CE31627AA22167A6B9B54 /* Pods-unspashApp.release.xcconfig */ = {isa = PBXFileReference; includeInIndex = 1; lastKnownFileType = text.xcconfig; name = "Pods-unspashApp.release.xcconfig"; path = "Target Support Files/Pods-unspashApp/Pods-unspashApp.release.xcconfig"; sourceTree = "<group>"; };
		6FD069A037F7BB943E9F691C /* Pods_unspashApp.framework */ = {isa = PBXFileReference; explicitFileType = wrapper.framework; includeInIndex = 0; path = Pods_unspashApp.framework; sourceTree = BUILT_PRODUCTS_DIR; };
		F64692F128C28267007A4443 /* unspashApp.app */ = {isa = PBXFileReference; explicitFileType = wrapper.application; includeInIndex = 0; path = unspashApp.app; sourceTree = BUILT_PRODUCTS_DIR; };
		F64692F428C28267007A4443 /* AppDelegate.swift */ = {isa = PBXFileReference; lastKnownFileType = sourcecode.swift; path = AppDelegate.swift; sourceTree = "<group>"; };
		F64692F628C28267007A4443 /* SceneDelegate.swift */ = {isa = PBXFileReference; lastKnownFileType = sourcecode.swift; path = SceneDelegate.swift; sourceTree = "<group>"; };
		F64692FD28C28268007A4443 /* Assets.xcassets */ = {isa = PBXFileReference; lastKnownFileType = folder.assetcatalog; path = Assets.xcassets; sourceTree = "<group>"; };
		F646930228C28268007A4443 /* Info.plist */ = {isa = PBXFileReference; lastKnownFileType = text.plist.xml; path = Info.plist; sourceTree = "<group>"; };
		F646930D28C2846B007A4443 /* TabbarViewController.swift */ = {isa = PBXFileReference; lastKnownFileType = sourcecode.swift; path = TabbarViewController.swift; sourceTree = "<group>"; };
		F646931028C284F3007A4443 /* MainViewController.swift */ = {isa = PBXFileReference; lastKnownFileType = sourcecode.swift; path = MainViewController.swift; sourceTree = "<group>"; };
		F646931328C28701007A4443 /* FavoriteViewController.swift */ = {isa = PBXFileReference; lastKnownFileType = sourcecode.swift; path = FavoriteViewController.swift; sourceTree = "<group>"; };
		F646931628C2901D007A4443 /* DetailViewController.swift */ = {isa = PBXFileReference; lastKnownFileType = sourcecode.swift; path = DetailViewController.swift; sourceTree = "<group>"; };
		F646931A28C37380007A4443 /* NetworkService.swift */ = {isa = PBXFileReference; lastKnownFileType = sourcecode.swift; path = NetworkService.swift; sourceTree = "<group>"; };
		F646931C28C379B8007A4443 /* SearchPhotoResults.swift */ = {isa = PBXFileReference; lastKnownFileType = sourcecode.swift; path = SearchPhotoResults.swift; sourceTree = "<group>"; };
		F646932028C387BB007A4443 /* MainCollectionViewCell.swift */ = {isa = PBXFileReference; lastKnownFileType = sourcecode.swift; path = MainCollectionViewCell.swift; sourceTree = "<group>"; };
		F646932228C3DE84007A4443 /* FavoriteCollectionViewCell.swift */ = {isa = PBXFileReference; lastKnownFileType = sourcecode.swift; path = FavoriteCollectionViewCell.swift; sourceTree = "<group>"; };
/* End PBXFileReference section */

/* Begin PBXFrameworksBuildPhase section */
		F64692EE28C28267007A4443 /* Frameworks */ = {
			isa = PBXFrameworksBuildPhase;
			buildActionMask = 2147483647;
			files = (
				3F7776A40A0586BC3100FE75 /* Pods_unspashApp.framework in Frameworks */,
			);
			runOnlyForDeploymentPostprocessing = 0;
		};
/* End PBXFrameworksBuildPhase section */

/* Begin PBXGroup section */
		370348D8F5AAC9AC5211CA1B /* Pods */ = {
			isa = PBXGroup;
			children = (
				2E48DA87C4DF86106ECC722E /* Pods-unspashApp.debug.xcconfig */,
				3F7CE31627AA22167A6B9B54 /* Pods-unspashApp.release.xcconfig */,
			);
			path = Pods;
			sourceTree = "<group>";
		};
		6F7CA92903165BACDDD82EB1 /* Frameworks */ = {
			isa = PBXGroup;
			children = (
				6FD069A037F7BB943E9F691C /* Pods_unspashApp.framework */,
			);
			name = Frameworks;
			sourceTree = "<group>";
		};
		F64692E828C28267007A4443 = {
			isa = PBXGroup;
			children = (
				F64692F328C28267007A4443 /* unspashApp */,
				F64692F228C28267007A4443 /* Products */,
				370348D8F5AAC9AC5211CA1B /* Pods */,
				6F7CA92903165BACDDD82EB1 /* Frameworks */,
			);
			sourceTree = "<group>";
		};
		F64692F228C28267007A4443 /* Products */ = {
			isa = PBXGroup;
			children = (
				F64692F128C28267007A4443 /* unspashApp.app */,
			);
			name = Products;
			sourceTree = "<group>";
		};
		F64692F328C28267007A4443 /* unspashApp */ = {
			isa = PBXGroup;
			children = (
				F646931E28C3878A007A4443 /* Views */,
				F646931928C2906C007A4443 /* Core */,
				F646931828C29033007A4443 /* Recources */,
				F646930B28C28400007A4443 /* Models */,
				F646930928C283BE007A4443 /* Services */,
				F646930828C283B7007A4443 /* Controllers */,
			);
			path = unspashApp;
			sourceTree = "<group>";
		};
		F646930828C283B7007A4443 /* Controllers */ = {
			isa = PBXGroup;
			children = (
				F646931228C286C6007A4443 /* FavoriteVC */,
				F646931528C28FF7007A4443 /* DetailVC */,
				F646930F28C28496007A4443 /* MainVC */,
				F646930C28C2843C007A4443 /* TabbarVC */,
			);
			path = Controllers;
			sourceTree = "<group>";
		};
		F646930928C283BE007A4443 /* Services */ = {
			isa = PBXGroup;
			children = (
				F646931A28C37380007A4443 /* NetworkService.swift */,
			);
			path = Services;
			sourceTree = "<group>";
		};
		F646930B28C28400007A4443 /* Models */ = {
			isa = PBXGroup;
			children = (
				F646931C28C379B8007A4443 /* SearchPhotoResults.swift */,
			);
			path = Models;
			sourceTree = "<group>";
		};
		F646930C28C2843C007A4443 /* TabbarVC */ = {
			isa = PBXGroup;
			children = (
				F646930D28C2846B007A4443 /* TabbarViewController.swift */,
			);
			path = TabbarVC;
			sourceTree = "<group>";
		};
		F646930F28C28496007A4443 /* MainVC */ = {
			isa = PBXGroup;
			children = (
				F646931028C284F3007A4443 /* MainViewController.swift */,
			);
			path = MainVC;
			sourceTree = "<group>";
		};
		F646931228C286C6007A4443 /* FavoriteVC */ = {
			isa = PBXGroup;
			children = (
				F646931328C28701007A4443 /* FavoriteViewController.swift */,
			);
			path = FavoriteVC;
			sourceTree = "<group>";
		};
		F646931528C28FF7007A4443 /* DetailVC */ = {
			isa = PBXGroup;
			children = (
				F646931628C2901D007A4443 /* DetailViewController.swift */,
			);
			path = DetailVC;
			sourceTree = "<group>";
		};
		F646931828C29033007A4443 /* Recources */ = {
			isa = PBXGroup;
			children = (
				F64692FD28C28268007A4443 /* Assets.xcassets */,
			);
			path = Recources;
			sourceTree = "<group>";
		};
		F646931928C2906C007A4443 /* Core */ = {
			isa = PBXGroup;
			children = (
				F64692F428C28267007A4443 /* AppDelegate.swift */,
				F64692F628C28267007A4443 /* SceneDelegate.swift */,
				F646930228C28268007A4443 /* Info.plist */,
			);
			path = Core;
			sourceTree = "<group>";
		};
		F646931E28C3878A007A4443 /* Views */ = {
			isa = PBXGroup;
			children = (
				F646931F28C38794007A4443 /* Cells */,
			);
			path = Views;
			sourceTree = "<group>";
		};
		F646931F28C38794007A4443 /* Cells */ = {
			isa = PBXGroup;
			children = (
				F646932028C387BB007A4443 /* MainCollectionViewCell.swift */,
				F646932228C3DE84007A4443 /* FavoriteCollectionViewCell.swift */,
			);
			path = Cells;
			sourceTree = "<group>";
		};
/* End PBXGroup section */

/* Begin PBXNativeTarget section */
		F64692F028C28267007A4443 /* unspashApp */ = {
			isa = PBXNativeTarget;
			buildConfigurationList = F646930528C28268007A4443 /* Build configuration list for PBXNativeTarget "unspashApp" */;
			buildPhases = (
				5179E2D606FAD3D13E8B5D5C /* [CP] Check Pods Manifest.lock */,
				F64692ED28C28267007A4443 /* Sources */,
				F64692EE28C28267007A4443 /* Frameworks */,
				F64692EF28C28267007A4443 /* Resources */,
				856A3C3F63F41C093BD03D8E /* [CP] Embed Pods Frameworks */,
			);
			buildRules = (
			);
			dependencies = (
			);
			name = unspashApp;
			productName = unspashApp;
			productReference = F64692F128C28267007A4443 /* unspashApp.app */;
			productType = "com.apple.product-type.application";
		};
/* End PBXNativeTarget section */

/* Begin PBXProject section */
		F64692E928C28267007A4443 /* Project object */ = {
			isa = PBXProject;
			attributes = {
				BuildIndependentTargetsInParallel = 1;
				LastSwiftUpdateCheck = 1340;
				LastUpgradeCheck = 1340;
				TargetAttributes = {
					F64692F028C28267007A4443 = {
						CreatedOnToolsVersion = 13.4.1;
					};
				};
			};
			buildConfigurationList = F64692EC28C28267007A4443 /* Build configuration list for PBXProject "unspashApp" */;
			compatibilityVersion = "Xcode 13.0";
			developmentRegion = en;
			hasScannedForEncodings = 0;
			knownRegions = (
				en,
				Base,
			);
			mainGroup = F64692E828C28267007A4443;
			productRefGroup = F64692F228C28267007A4443 /* Products */;
			projectDirPath = "";
			projectRoot = "";
			targets = (
				F64692F028C28267007A4443 /* unspashApp */,
			);
		};
/* End PBXProject section */

/* Begin PBXResourcesBuildPhase section */
		F64692EF28C28267007A4443 /* Resources */ = {
			isa = PBXResourcesBuildPhase;
			buildActionMask = 2147483647;
			files = (
				F64692FE28C28268007A4443 /* Assets.xcassets in Resources */,
			);
			runOnlyForDeploymentPostprocessing = 0;
		};
/* End PBXResourcesBuildPhase section */

/* Begin PBXShellScriptBuildPhase section */
		5179E2D606FAD3D13E8B5D5C /* [CP] Check Pods Manifest.lock */ = {
			isa = PBXShellScriptBuildPhase;
			buildActionMask = 2147483647;
			files = (
			);
			inputFileListPaths = (
			);
			inputPaths = (
				"${PODS_PODFILE_DIR_PATH}/Podfile.lock",
				"${PODS_ROOT}/Manifest.lock",
			);
			name = "[CP] Check Pods Manifest.lock";
			outputFileListPaths = (
			);
			outputPaths = (
				"$(DERIVED_FILE_DIR)/Pods-unspashApp-checkManifestLockResult.txt",
			);
			runOnlyForDeploymentPostprocessing = 0;
			shellPath = /bin/sh;
			shellScript = "diff \"${PODS_PODFILE_DIR_PATH}/Podfile.lock\" \"${PODS_ROOT}/Manifest.lock\" > /dev/null\nif [ $? != 0 ] ; then\n    # print error to STDERR\n    echo \"error: The sandbox is not in sync with the Podfile.lock. Run 'pod install' or update your CocoaPods installation.\" >&2\n    exit 1\nfi\n# This output is used by Xcode 'outputs' to avoid re-running this script phase.\necho \"SUCCESS\" > \"${SCRIPT_OUTPUT_FILE_0}\"\n";
			showEnvVarsInLog = 0;
		};
		856A3C3F63F41C093BD03D8E /* [CP] Embed Pods Frameworks */ = {
			isa = PBXShellScriptBuildPhase;
			buildActionMask = 2147483647;
			files = (
			);
			inputFileListPaths = (
				"${PODS_ROOT}/Target Support Files/Pods-unspashApp/Pods-unspashApp-frameworks-${CONFIGURATION}-input-files.xcfilelist",
			);
			name = "[CP] Embed Pods Frameworks";
			outputFileListPaths = (
				"${PODS_ROOT}/Target Support Files/Pods-unspashApp/Pods-unspashApp-frameworks-${CONFIGURATION}-output-files.xcfilelist",
			);
			runOnlyForDeploymentPostprocessing = 0;
			shellPath = /bin/sh;
			shellScript = "\"${PODS_ROOT}/Target Support Files/Pods-unspashApp/Pods-unspashApp-frameworks.sh\"\n";
			showEnvVarsInLog = 0;
		};
/* End PBXShellScriptBuildPhase section */

/* Begin PBXSourcesBuildPhase section */
		F64692ED28C28267007A4443 /* Sources */ = {
			isa = PBXSourcesBuildPhase;
			buildActionMask = 2147483647;
			files = (
				F64692F528C28267007A4443 /* AppDelegate.swift in Sources */,
				F646932128C387BB007A4443 /* MainCollectionViewCell.swift in Sources */,
				F64692F728C28267007A4443 /* SceneDelegate.swift in Sources */,
				F646930E28C2846B007A4443 /* TabbarViewController.swift in Sources */,
				F646932328C3DE84007A4443 /* FavoriteCollectionViewCell.swift in Sources */,
				F646931728C2901D007A4443 /* DetailViewController.swift in Sources */,
				F646931128C284F3007A4443 /* MainViewController.swift in Sources */,
				F646931D28C379B8007A4443 /* SearchPhotoResults.swift in Sources */,
				F646931428C28701007A4443 /* FavoriteViewController.swift in Sources */,
				F646931B28C37380007A4443 /* NetworkService.swift in Sources */,
			);
			runOnlyForDeploymentPostprocessing = 0;
		};
/* End PBXSourcesBuildPhase section */

/* Begin XCBuildConfiguration section */
		F646930328C28268007A4443 /* Debug */ = {
			isa = XCBuildConfiguration;
			buildSettings = {
				ALWAYS_SEARCH_USER_PATHS = NO;
				CLANG_ANALYZER_NONNULL = YES;
				CLANG_ANALYZER_NUMBER_OBJECT_CONVERSION = YES_AGGRESSIVE;
				CLANG_CXX_LANGUAGE_STANDARD = "gnu++17";
				CLANG_ENABLE_MODULES = YES;
				CLANG_ENABLE_OBJC_ARC = YES;
				CLANG_ENABLE_OBJC_WEAK = YES;
				CLANG_WARN_BLOCK_CAPTURE_AUTORELEASING = YES;
				CLANG_WARN_BOOL_CONVERSION = YES;
				CLANG_WARN_COMMA = YES;
				CLANG_WARN_CONSTANT_CONVERSION = YES;
				CLANG_WARN_DEPRECATED_OBJC_IMPLEMENTATIONS = YES;
				CLANG_WARN_DIRECT_OBJC_ISA_USAGE = YES_ERROR;
				CLANG_WARN_DOCUMENTATION_COMMENTS = YES;
				CLANG_WARN_EMPTY_BODY = YES;
				CLANG_WARN_ENUM_CONVERSION = YES;
				CLANG_WARN_INFINITE_RECURSION = YES;
				CLANG_WARN_INT_CONVERSION = YES;
				CLANG_WARN_NON_LITERAL_NULL_CONVERSION = YES;
				CLANG_WARN_OBJC_IMPLICIT_RETAIN_SELF = YES;
				CLANG_WARN_OBJC_LITERAL_CONVERSION = YES;
				CLANG_WARN_OBJC_ROOT_CLASS = YES_ERROR;
				CLANG_WARN_QUOTED_INCLUDE_IN_FRAMEWORK_HEADER = YES;
				CLANG_WARN_RANGE_LOOP_ANALYSIS = YES;
				CLANG_WARN_STRICT_PROTOTYPES = YES;
				CLANG_WARN_SUSPICIOUS_MOVE = YES;
				CLANG_WARN_UNGUARDED_AVAILABILITY = YES_AGGRESSIVE;
				CLANG_WARN_UNREACHABLE_CODE = YES;
				CLANG_WARN__DUPLICATE_METHOD_MATCH = YES;
				COPY_PHASE_STRIP = NO;
				DEBUG_INFORMATION_FORMAT = dwarf;
				ENABLE_STRICT_OBJC_MSGSEND = YES;
				ENABLE_TESTABILITY = YES;
				GCC_C_LANGUAGE_STANDARD = gnu11;
				GCC_DYNAMIC_NO_PIC = NO;
				GCC_NO_COMMON_BLOCKS = YES;
				GCC_OPTIMIZATION_LEVEL = 0;
				GCC_PREPROCESSOR_DEFINITIONS = (
					"DEBUG=1",
					"$(inherited)",
				);
				GCC_WARN_64_TO_32_BIT_CONVERSION = YES;
				GCC_WARN_ABOUT_RETURN_TYPE = YES_ERROR;
				GCC_WARN_UNDECLARED_SELECTOR = YES;
				GCC_WARN_UNINITIALIZED_AUTOS = YES_AGGRESSIVE;
				GCC_WARN_UNUSED_FUNCTION = YES;
				GCC_WARN_UNUSED_VARIABLE = YES;
				IPHONEOS_DEPLOYMENT_TARGET = 15.5;
				MTL_ENABLE_DEBUG_INFO = INCLUDE_SOURCE;
				MTL_FAST_MATH = YES;
				ONLY_ACTIVE_ARCH = YES;
				SDKROOT = iphoneos;
				SWIFT_ACTIVE_COMPILATION_CONDITIONS = DEBUG;
				SWIFT_OPTIMIZATION_LEVEL = "-Onone";
			};
			name = Debug;
		};
		F646930428C28268007A4443 /* Release */ = {
			isa = XCBuildConfiguration;
			buildSettings = {
				ALWAYS_SEARCH_USER_PATHS = NO;
				CLANG_ANALYZER_NONNULL = YES;
				CLANG_ANALYZER_NUMBER_OBJECT_CONVERSION = YES_AGGRESSIVE;
				CLANG_CXX_LANGUAGE_STANDARD = "gnu++17";
				CLANG_ENABLE_MODULES = YES;
				CLANG_ENABLE_OBJC_ARC = YES;
				CLANG_ENABLE_OBJC_WEAK = YES;
				CLANG_WARN_BLOCK_CAPTURE_AUTORELEASING = YES;
				CLANG_WARN_BOOL_CONVERSION = YES;
				CLANG_WARN_COMMA = YES;
				CLANG_WARN_CONSTANT_CONVERSION = YES;
				CLANG_WARN_DEPRECATED_OBJC_IMPLEMENTATIONS = YES;
				CLANG_WARN_DIRECT_OBJC_ISA_USAGE = YES_ERROR;
				CLANG_WARN_DOCUMENTATION_COMMENTS = YES;
				CLANG_WARN_EMPTY_BODY = YES;
				CLANG_WARN_ENUM_CONVERSION = YES;
				CLANG_WARN_INFINITE_RECURSION = YES;
				CLANG_WARN_INT_CONVERSION = YES;
				CLANG_WARN_NON_LITERAL_NULL_CONVERSION = YES;
				CLANG_WARN_OBJC_IMPLICIT_RETAIN_SELF = YES;
				CLANG_WARN_OBJC_LITERAL_CONVERSION = YES;
				CLANG_WARN_OBJC_ROOT_CLASS = YES_ERROR;
				CLANG_WARN_QUOTED_INCLUDE_IN_FRAMEWORK_HEADER = YES;
				CLANG_WARN_RANGE_LOOP_ANALYSIS = YES;
				CLANG_WARN_STRICT_PROTOTYPES = YES;
				CLANG_WARN_SUSPICIOUS_MOVE = YES;
				CLANG_WARN_UNGUARDED_AVAILABILITY = YES_AGGRESSIVE;
				CLANG_WARN_UNREACHABLE_CODE = YES;
				CLANG_WARN__DUPLICATE_METHOD_MATCH = YES;
				COPY_PHASE_STRIP = NO;
				DEBUG_INFORMATION_FORMAT = "dwarf-with-dsym";
				ENABLE_NS_ASSERTIONS = NO;
				ENABLE_STRICT_OBJC_MSGSEND = YES;
				GCC_C_LANGUAGE_STANDARD = gnu11;
				GCC_NO_COMMON_BLOCKS = YES;
				GCC_WARN_64_TO_32_BIT_CONVERSION = YES;
				GCC_WARN_ABOUT_RETURN_TYPE = YES_ERROR;
				GCC_WARN_UNDECLARED_SELECTOR = YES;
				GCC_WARN_UNINITIALIZED_AUTOS = YES_AGGRESSIVE;
				GCC_WARN_UNUSED_FUNCTION = YES;
				GCC_WARN_UNUSED_VARIABLE = YES;
				IPHONEOS_DEPLOYMENT_TARGET = 15.5;
				MTL_ENABLE_DEBUG_INFO = NO;
				MTL_FAST_MATH = YES;
				SDKROOT = iphoneos;
				SWIFT_COMPILATION_MODE = wholemodule;
				SWIFT_OPTIMIZATION_LEVEL = "-O";
				VALIDATE_PRODUCT = YES;
			};
			name = Release;
		};
		F646930628C28268007A4443 /* Debug */ = {
			isa = XCBuildConfiguration;
			baseConfigurationReference = 2E48DA87C4DF86106ECC722E /* Pods-unspashApp.debug.xcconfig */;
			buildSettings = {
				ASSETCATALOG_COMPILER_APPICON_NAME = AppIcon;
				ASSETCATALOG_COMPILER_GLOBAL_ACCENT_COLOR_NAME = AccentColor;
				CODE_SIGN_STYLE = Automatic;
				CURRENT_PROJECT_VERSION = 1;
				DEVELOPMENT_TEAM = T23S64A858;
				GENERATE_INFOPLIST_FILE = YES;
				INFOPLIST_FILE = unspashApp/Core/Info.plist;
				INFOPLIST_KEY_UIApplicationSupportsIndirectInputEvents = YES;
				INFOPLIST_KEY_UILaunchStoryboardName = LaunchScreen;
				INFOPLIST_KEY_UISupportedInterfaceOrientations_iPad = "UIInterfaceOrientationPortrait UIInterfaceOrientationPortraitUpsideDown UIInterfaceOrientationLandscapeLeft UIInterfaceOrientationLandscapeRight";
				INFOPLIST_KEY_UISupportedInterfaceOrientations_iPhone = "UIInterfaceOrientationPortrait UIInterfaceOrientationLandscapeLeft UIInterfaceOrientationLandscapeRight";
				LD_RUNPATH_SEARCH_PATHS = (
					"$(inherited)",
					"@executable_path/Frameworks",
				);
				MARKETING_VERSION = 1.0;
				PRODUCT_BUNDLE_IDENTIFIER = none.unspashApp;
				PRODUCT_NAME = "$(TARGET_NAME)";
				SWIFT_EMIT_LOC_STRINGS = YES;
				SWIFT_VERSION = 5.0;
				TARGETED_DEVICE_FAMILY = 1;
			};
			name = Debug;
		};
		F646930728C28268007A4443 /* Release */ = {
			isa = XCBuildConfiguration;
			baseConfigurationReference = 3F7CE31627AA22167A6B9B54 /* Pods-unspashApp.release.xcconfig */;
			buildSettings = {
				ASSETCATALOG_COMPILER_APPICON_NAME = AppIcon;
				ASSETCATALOG_COMPILER_GLOBAL_ACCENT_COLOR_NAME = AccentColor;
				CODE_SIGN_STYLE = Automatic;
				CURRENT_PROJECT_VERSION = 1;
				DEVELOPMENT_TEAM = T23S64A858;
				GENERATE_INFOPLIST_FILE = YES;
				INFOPLIST_FILE = unspashApp/Core/Info.plist;
				INFOPLIST_KEY_UIApplicationSupportsIndirectInputEvents = YES;
				INFOPLIST_KEY_UILaunchStoryboardName = LaunchScreen;
				INFOPLIST_KEY_UISupportedInterfaceOrientations_iPad = "UIInterfaceOrientationPortrait UIInterfaceOrientationPortraitUpsideDown UIInterfaceOrientationLandscapeLeft UIInterfaceOrientationLandscapeRight";
				INFOPLIST_KEY_UISupportedInterfaceOrientations_iPhone = "UIInterfaceOrientationPortrait UIInterfaceOrientationLandscapeLeft UIInterfaceOrientationLandscapeRight";
				LD_RUNPATH_SEARCH_PATHS = (
					"$(inherited)",
					"@executable_path/Frameworks",
				);
				MARKETING_VERSION = 1.0;
				PRODUCT_BUNDLE_IDENTIFIER = none.unspashApp;
				PRODUCT_NAME = "$(TARGET_NAME)";
				SWIFT_EMIT_LOC_STRINGS = YES;
				SWIFT_VERSION = 5.0;
				TARGETED_DEVICE_FAMILY = 1;
			};
			name = Release;
		};
/* End XCBuildConfiguration section */

/* Begin XCConfigurationList section */
		F64692EC28C28267007A4443 /* Build configuration list for PBXProject "unspashApp" */ = {
			isa = XCConfigurationList;
			buildConfigurations = (
				F646930328C28268007A4443 /* Debug */,
				F646930428C28268007A4443 /* Release */,
			);
			defaultConfigurationIsVisible = 0;
			defaultConfigurationName = Release;
		};
		F646930528C28268007A4443 /* Build configuration list for PBXNativeTarget "unspashApp" */ = {
			isa = XCConfigurationList;
			buildConfigurations = (
				F646930628C28268007A4443 /* Debug */,
				F646930728C28268007A4443 /* Release */,
			);
			defaultConfigurationIsVisible = 0;
			defaultConfigurationName = Release;
		};
/* End XCConfigurationList section */
	};
	rootObject = F64692E928C28267007A4443 /* Project object */;
}
